
Microsoft Visual Studio Solution File, Format Version 12.00
# Visual Studio 15
VisualStudioVersion = 15.0.27428.2037
MinimumVisualStudioVersion = 10.0.40219.1
Project("{FAE04EC0-301F-11D3-BF4B-00C04F79EFBC}") = "LLP", "LLP.csproj", "{A68423BF-44D8-494F-A874-3DD3755A4DAE}"
EndProject
Project("{FAE04EC0-301F-11D3-BF4B-00C04F79EFBC}") = "UnitTestLLP", "..\UnitTestLLP\UnitTestLLP.csproj", "{EB5407CE-56E1-4A04-8D36-1A854BBF8EDF}"
EndProject
Global
	GlobalSection(SolutionConfigurationPlatforms) = preSolution
		Debug|Any CPU = Debug|Any CPU
		Release|Any CPU = Release|Any CPU
	EndGlobalSection
	GlobalSection(ProjectConfigurationPlatforms) = postSolution
		{A68423BF-44D8-494F-A874-3DD3755A4DAE}.Debug|Any CPU.ActiveCfg = Debug|Any CPU
		{A68423BF-44D8-494F-A874-3DD3755A4DAE}.Debug|Any CPU.Build.0 = Debug|Any CPU
		{A68423BF-44D8-494F-A874-3DD3755A4DAE}.Release|Any CPU.ActiveCfg = Release|Any CPU
		{A68423BF-44D8-494F-A874-3DD3755A4DAE}.Release|Any CPU.Build.0 = Release|Any CPU
		{EB5407CE-56E1-4A04-8D36-1A854BBF8EDF}.Debug|Any CPU.ActiveCfg = Debug|Any CPU
		{EB5407CE-56E1-4A04-8D36-1A854BBF8EDF}.Debug|Any CPU.Build.0 = Debug|Any CPU
		{EB5407CE-56E1-4A04-8D36-1A854BBF8EDF}.Release|Any CPU.ActiveCfg = Release|Any CPU
		{EB5407CE-56E1-4A04-8D36-1A854BBF8EDF}.Release|Any CPU.Build.0 = Release|Any CPU
	EndGlobalSection
	GlobalSection(SolutionProperties) = preSolution
		HideSolutionNode = FALSE
	EndGlobalSection
	GlobalSection(ExtensibilityGlobals) = postSolution
		SolutionGuid = {8ECAD4E8-F3D8-444D-A972-30007C53D402}
	EndGlobalSection
EndGlobal
